
Microsoft Visual Studio Solution File, Format Version 12.00
# Visual Studio Version 16
VisualStudioVersion = 16.0.29020.237
MinimumVisualStudioVersion = 10.0.40219.1
Project("{FAE04EC0-301F-11D3-BF4B-00C04F79EFBC}") = "DSD-01", "DSD-01\DSD-01.csproj", "{9F02D79A-15FF-41F4-BFE9-130D786562B7}"
EndProject
Project("{FAE04EC0-301F-11D3-BF4B-00C04F79EFBC}") = "DsdUnitTest", "DsdUnitTest\DsdUnitTest.csproj", "{46881C42-153F-427D-9719-BBD287D914DD}"
EndProject
Global
	GlobalSection(SolutionConfigurationPlatforms) = preSolution
		Debug|Any CPU = Debug|Any CPU
		Release|Any CPU = Release|Any CPU
	EndGlobalSection
	GlobalSection(ProjectConfigurationPlatforms) = postSolution
		{9F02D79A-15FF-41F4-BFE9-130D786562B7}.Debug|Any CPU.ActiveCfg = Debug|Any CPU
		{9F02D79A-15FF-41F4-BFE9-130D786562B7}.Debug|Any CPU.Build.0 = Debug|Any CPU
		{9F02D79A-15FF-41F4-BFE9-130D786562B7}.Release|Any CPU.ActiveCfg = Release|Any CPU
		{9F02D79A-15FF-41F4-BFE9-130D786562B7}.Release|Any CPU.Build.0 = Release|Any CPU
		{46881C42-153F-427D-9719-BBD287D914DD}.Debug|Any CPU.ActiveCfg = Debug|Any CPU
		{46881C42-153F-427D-9719-BBD287D914DD}.Debug|Any CPU.Build.0 = Debug|Any CPU
		{46881C42-153F-427D-9719-BBD287D914DD}.Release|Any CPU.ActiveCfg = Release|Any CPU
		{46881C42-153F-427D-9719-BBD287D914DD}.Release|Any CPU.Build.0 = Release|Any CPU
	EndGlobalSection
	GlobalSection(SolutionProperties) = preSolution
		HideSolutionNode = FALSE
	EndGlobalSection
	GlobalSection(ExtensibilityGlobals) = postSolution
		SolutionGuid = {1C130855-4BE2-4EB0-83C5-081DC33D288F}
	EndGlobalSection
EndGlobal
